
Microsoft Visual Studio Solution File, Format Version 12.00
# Visual Studio 15
VisualStudioVersion = 15.0.26730.12
MinimumVisualStudioVersion = 10.0.40219.1
Project("{FAE04EC0-301F-11D3-BF4B-00C04F79EFBC}") = "FizzBuzz", "FizzBuzz\FizzBuzz.csproj", "{A13C6623-2336-4A84-B983-477E04F1EA5D}"
EndProject
Global
	GlobalSection(SolutionConfigurationPlatforms) = preSolution
		Debug|Any CPU = Debug|Any CPU
		Release|Any CPU = Release|Any CPU
	EndGlobalSection
	GlobalSection(ProjectConfigurationPlatforms) = postSolution
		{A13C6623-2336-4A84-B983-477E04F1EA5D}.Debug|Any CPU.ActiveCfg = Debug|Any CPU
		{A13C6623-2336-4A84-B983-477E04F1EA5D}.Debug|Any CPU.Build.0 = Debug|Any CPU
		{A13C6623-2336-4A84-B983-477E04F1EA5D}.Release|Any CPU.ActiveCfg = Release|Any CPU
		{A13C6623-2336-4A84-B983-477E04F1EA5D}.Release|Any CPU.Build.0 = Release|Any CPU
	EndGlobalSection
	GlobalSection(SolutionProperties) = preSolution
		HideSolutionNode = FALSE
	EndGlobalSection
	GlobalSection(ExtensibilityGlobals) = postSolution
		SolutionGuid = {926F1D8B-E6B5-44E5-B6C1-DB8852E99C3B}
	EndGlobalSection
EndGlobal
